PODS:
  - III18N (0.7.0)
  - IISwiftBaseUti (1.3.1):
    - III18N
    - IISwiftBaseUti/IIAspects (= 1.3.1)
    - IISwiftBaseUti/IIBaseUti (= 1.3.1)
    - IISwiftBaseUti/IICacheStorage (= 1.3.1)
    - IISwiftBaseUti/IIComponent (= 1.3.1)
    - IISwiftBaseUti/IICoreExtension (= 1.3.1)
    - IISwiftBaseUti/IIHardWareAuthRequest (= 1.3.1)
    - IISwiftBaseUti/IIRecognition (= 1.3.1)
    - IISwiftBaseUti/YYCache (= 1.3.1)
    - SnapKit (~> 4.2.0)
  - IISwiftBaseUti/IIAspects (1.3.1):
    - III18N
    - SnapKit (~> 4.2.0)
  - IISwiftBaseUti/IIBaseUti (1.3.1):
    - III18N
    - SnapKit (~> 4.2.0)
  - IISwiftBaseUti/IICacheStorage (1.3.1):
    - III18N
    - IISwiftBaseUti/YYCache
    - SnapKit (~> 4.2.0)
  - IISwiftBaseUti/IIComponent (1.3.1):
    - III18N
    - SnapKit (~> 4.2.0)
  - IISwiftBaseUti/IICoreExtension (1.3.1):
    - III18N
    - SnapKit (~> 4.2.0)
  - IISwiftBaseUti/IIHardWareAuthRequest (1.3.1):
    - III18N
    - IISwiftBaseUti/IIBaseUti
    - SnapKit (~> 4.2.0)
  - IISwiftBaseUti/IIRecognition (1.3.1):
    - III18N
    - IISwiftBaseUti/IICoreExtension
    - SnapKit (~> 4.2.0)
  - IISwiftBaseUti/YYCache (1.3.1):
    - III18N
    - SnapKit (~> 4.2.0)
  - SnapKit (4.2.0)

DEPENDENCIES:
  - IISwiftBaseUti (from `../`)

SPEC REPOS:
  https://github.com/cocoapods/specs.git:
    - III18N
    - SnapKit

EXTERNAL SOURCES:
  IISwiftBaseUti:
    :path: "../"

SPEC CHECKSUMS:
  III18N: a64e35e4f9ba88d87360ab0088d829dff71fecfc
  IISwiftBaseUti: a75b5ebf03f0884c4bb27b530236d225fed1fd83
  SnapKit: fe8a619752f3f27075cc9a90244d75c6c3f27e2a

PODFILE CHECKSUM: e7e31cda7e1040427caf87360e3b0b1e70932e1e

COCOAPODS: 1.6.1
