PODS:
  - IISwiftBaseUti (1.0.0):
    - IISwiftBaseUti/IIBaseUti (= 1.0.0)
    - IISwiftBaseUti/IICoreExtension (= 1.0.0)
    - SnapKit (~> 4.2.0)
  - IISwiftBaseUti/IIBaseUti (1.0.0):
    - SnapKit (~> 4.2.0)
  - IISwiftBaseUti/IICoreExtension (1.0.0):
    - SnapKit (~> 4.2.0)
  - SnapKit (4.2.0)

DEPENDENCIES:
  - IISwiftBaseUti (from `../`)

SPEC REPOS:
  https://github.com/cocoapods/specs.git:
    - SnapKit

EXTERNAL SOURCES:
  IISwiftBaseUti:
    :path: "../"

SPEC CHECKSUMS:
  IISwiftBaseUti: 8645481c8c572b3d19542792139849e782f4f470
  SnapKit: fe8a619752f3f27075cc9a90244d75c6c3f27e2a

PODFILE CHECKSUM: e7e31cda7e1040427caf87360e3b0b1e70932e1e

COCOAPODS: 1.6.0.beta.2
